
Microsoft Visual Studio Solution File, Format Version 12.00
# Visual Studio Version 17
VisualStudioVersion = 17.6.33829.357
MinimumVisualStudioVersion = 10.0.40219.1
Project("{2150E333-8FDC-42A3-9474-1A3956D46DE8}") = "Services", "Services", "{C9BCBC67-9212-4DDF-BA43-AF5D76A8842A}"
EndProject
Project("{9A19103F-16F7-4668-BE54-9A1E7A4F7556}") = "Common", "Common\Common\Common.csproj", "{D0CB9D53-805C-4A4B-8007-6724D7D3AB97}"
EndProject
Project("{9A19103F-16F7-4668-BE54-9A1E7A4F7556}") = "Kafka", "Kafka\Kafka\Kafka.csproj", "{8E776C40-4DEE-41B2-86BD-4828985CC4A5}"
EndProject
Project("{9A19103F-16F7-4668-BE54-9A1E7A4F7556}") = "ProcessingService", "Services\ProcessingService\ProcessingService.csproj", "{17716718-1941-48C7-94B2-593EA3F38774}"
EndProject
Project("{9A19103F-16F7-4668-BE54-9A1E7A4F7556}") = "DataCaptureService", "Services\DataCaptureService\DataCaptureService.csproj", "{C446701C-E2DD-4D95-ABE0-10CCCF307292}"
EndProject
Global
	GlobalSection(SolutionConfigurationPlatforms) = preSolution
		Debug|Any CPU = Debug|Any CPU
		Release|Any CPU = Release|Any CPU
	EndGlobalSection
	GlobalSection(ProjectConfigurationPlatforms) = postSolution
		{D0CB9D53-805C-4A4B-8007-6724D7D3AB97}.Debug|Any CPU.ActiveCfg = Debug|Any CPU
		{D0CB9D53-805C-4A4B-8007-6724D7D3AB97}.Debug|Any CPU.Build.0 = Debug|Any CPU
		{D0CB9D53-805C-4A4B-8007-6724D7D3AB97}.Release|Any CPU.ActiveCfg = Release|Any CPU
		{D0CB9D53-805C-4A4B-8007-6724D7D3AB97}.Release|Any CPU.Build.0 = Release|Any CPU
		{8E776C40-4DEE-41B2-86BD-4828985CC4A5}.Debug|Any CPU.ActiveCfg = Debug|Any CPU
		{8E776C40-4DEE-41B2-86BD-4828985CC4A5}.Debug|Any CPU.Build.0 = Debug|Any CPU
		{8E776C40-4DEE-41B2-86BD-4828985CC4A5}.Release|Any CPU.ActiveCfg = Release|Any CPU
		{8E776C40-4DEE-41B2-86BD-4828985CC4A5}.Release|Any CPU.Build.0 = Release|Any CPU
		{17716718-1941-48C7-94B2-593EA3F38774}.Debug|Any CPU.ActiveCfg = Debug|Any CPU
		{17716718-1941-48C7-94B2-593EA3F38774}.Debug|Any CPU.Build.0 = Debug|Any CPU
		{17716718-1941-48C7-94B2-593EA3F38774}.Release|Any CPU.ActiveCfg = Release|Any CPU
		{17716718-1941-48C7-94B2-593EA3F38774}.Release|Any CPU.Build.0 = Release|Any CPU
		{C446701C-E2DD-4D95-ABE0-10CCCF307292}.Debug|Any CPU.ActiveCfg = Debug|Any CPU
		{C446701C-E2DD-4D95-ABE0-10CCCF307292}.Debug|Any CPU.Build.0 = Debug|Any CPU
		{C446701C-E2DD-4D95-ABE0-10CCCF307292}.Release|Any CPU.ActiveCfg = Release|Any CPU
		{C446701C-E2DD-4D95-ABE0-10CCCF307292}.Release|Any CPU.Build.0 = Release|Any CPU
	EndGlobalSection
	GlobalSection(SolutionProperties) = preSolution
		HideSolutionNode = FALSE
	EndGlobalSection
	GlobalSection(NestedProjects) = preSolution
		{17716718-1941-48C7-94B2-593EA3F38774} = {C9BCBC67-9212-4DDF-BA43-AF5D76A8842A}
		{C446701C-E2DD-4D95-ABE0-10CCCF307292} = {C9BCBC67-9212-4DDF-BA43-AF5D76A8842A}
	EndGlobalSection
	GlobalSection(ExtensibilityGlobals) = postSolution
		SolutionGuid = {5CAC09D7-680E-4529-87F8-9963FBD1D53A}
	EndGlobalSection
EndGlobal
